
Microsoft Visual Studio Solution File, Format Version 12.00
# Visual Studio Version 17
VisualStudioVersion = 17.4.33213.308
MinimumVisualStudioVersion = 10.0.40219.1
Project("{9A19103F-16F7-4668-BE54-9A1E7A4F7556}") = "WeatherStation", "WeatherStation.csproj", "{54544825-66D0-45F4-8A9B-827CC9FE2FE4}"
EndProject
Project("{FAE04EC0-301F-11D3-BF4B-00C04F79EFBC}") = "TestWeatherStation", "..\TestWeatherStation\TestWeatherStation.csproj", "{6623E4F2-11AA-465F-824D-87B9E4B52942}"
EndProject
Global
	GlobalSection(SolutionConfigurationPlatforms) = preSolution
		Debug|Any CPU = Debug|Any CPU
		Release|Any CPU = Release|Any CPU
	EndGlobalSection
	GlobalSection(ProjectConfigurationPlatforms) = postSolution
		{54544825-66D0-45F4-8A9B-827CC9FE2FE4}.Debug|Any CPU.ActiveCfg = Debug|Any CPU
		{54544825-66D0-45F4-8A9B-827CC9FE2FE4}.Debug|Any CPU.Build.0 = Debug|Any CPU
		{54544825-66D0-45F4-8A9B-827CC9FE2FE4}.Release|Any CPU.ActiveCfg = Release|Any CPU
		{54544825-66D0-45F4-8A9B-827CC9FE2FE4}.Release|Any CPU.Build.0 = Release|Any CPU
		{6623E4F2-11AA-465F-824D-87B9E4B52942}.Debug|Any CPU.ActiveCfg = Debug|Any CPU
		{6623E4F2-11AA-465F-824D-87B9E4B52942}.Debug|Any CPU.Build.0 = Debug|Any CPU
		{6623E4F2-11AA-465F-824D-87B9E4B52942}.Release|Any CPU.ActiveCfg = Release|Any CPU
		{6623E4F2-11AA-465F-824D-87B9E4B52942}.Release|Any CPU.Build.0 = Release|Any CPU
	EndGlobalSection
	GlobalSection(SolutionProperties) = preSolution
		HideSolutionNode = FALSE
	EndGlobalSection
	GlobalSection(ExtensibilityGlobals) = postSolution
		SolutionGuid = {9B46A201-9B59-4B26-BE9B-2F627C570280}
	EndGlobalSection
EndGlobal
